
Microsoft Visual Studio Solution File, Format Version 12.00
# Visual Studio 14
VisualStudioVersion = 14.0.23107.0
MinimumVisualStudioVersion = 10.0.40219.1
Project("{FAE04EC0-301F-11D3-BF4B-00C04F79EFBC}") = "Agenda.PL", "Agenda.View\Agenda.PL.csproj", "{B84DC491-0306-4CE4-9306-E09E6A9D56CD}"
EndProject
Project("{FAE04EC0-301F-11D3-BF4B-00C04F79EFBC}") = "Agenda.BLL", "Agenda.Model\Agenda.BLL.csproj", "{CC0C492E-B6BC-4BD3-ACAA-CC350A9A0F97}"
EndProject
Project("{FAE04EC0-301F-11D3-BF4B-00C04F79EFBC}") = "Agenda.DAL", "Agenda.DAO\Agenda.DAL.csproj", "{7011D603-B568-4C20-A6D5-6C8BE6191037}"
EndProject
Project("{FAE04EC0-301F-11D3-BF4B-00C04F79EFBC}") = "Agenda.DTO", "Agenda.DTO\Agenda.DTO.csproj", "{4F7330C6-A275-4C0B-93D3-3E5390E923CB}"
EndProject
Global
	GlobalSection(SolutionConfigurationPlatforms) = preSolution
		Debug|Any CPU = Debug|Any CPU
		Release|Any CPU = Release|Any CPU
	EndGlobalSection
	GlobalSection(ProjectConfigurationPlatforms) = postSolution
		{B84DC491-0306-4CE4-9306-E09E6A9D56CD}.Debug|Any CPU.ActiveCfg = Debug|Any CPU
		{B84DC491-0306-4CE4-9306-E09E6A9D56CD}.Debug|Any CPU.Build.0 = Debug|Any CPU
		{B84DC491-0306-4CE4-9306-E09E6A9D56CD}.Release|Any CPU.ActiveCfg = Release|Any CPU
		{B84DC491-0306-4CE4-9306-E09E6A9D56CD}.Release|Any CPU.Build.0 = Release|Any CPU
		{CC0C492E-B6BC-4BD3-ACAA-CC350A9A0F97}.Debug|Any CPU.ActiveCfg = Debug|Any CPU
		{CC0C492E-B6BC-4BD3-ACAA-CC350A9A0F97}.Debug|Any CPU.Build.0 = Debug|Any CPU
		{CC0C492E-B6BC-4BD3-ACAA-CC350A9A0F97}.Release|Any CPU.ActiveCfg = Release|Any CPU
		{CC0C492E-B6BC-4BD3-ACAA-CC350A9A0F97}.Release|Any CPU.Build.0 = Release|Any CPU
		{7011D603-B568-4C20-A6D5-6C8BE6191037}.Debug|Any CPU.ActiveCfg = Debug|Any CPU
		{7011D603-B568-4C20-A6D5-6C8BE6191037}.Debug|Any CPU.Build.0 = Debug|Any CPU
		{7011D603-B568-4C20-A6D5-6C8BE6191037}.Release|Any CPU.ActiveCfg = Release|Any CPU
		{7011D603-B568-4C20-A6D5-6C8BE6191037}.Release|Any CPU.Build.0 = Release|Any CPU
		{4F7330C6-A275-4C0B-93D3-3E5390E923CB}.Debug|Any CPU.ActiveCfg = Debug|Any CPU
		{4F7330C6-A275-4C0B-93D3-3E5390E923CB}.Debug|Any CPU.Build.0 = Debug|Any CPU
		{4F7330C6-A275-4C0B-93D3-3E5390E923CB}.Release|Any CPU.ActiveCfg = Release|Any CPU
		{4F7330C6-A275-4C0B-93D3-3E5390E923CB}.Release|Any CPU.Build.0 = Release|Any CPU
	EndGlobalSection
	GlobalSection(SolutionProperties) = preSolution
		HideSolutionNode = FALSE
	EndGlobalSection
EndGlobal
